
Microsoft Visual Studio Solution File, Format Version 12.00
# Visual Studio Version 16
VisualStudioVersion = 16.0.30803.129
MinimumVisualStudioVersion = 10.0.40219.1
Project("{8BC9CEB8-8B4A-11D0-8D11-00A0C91BC942}") = "po3_ToYourFace", "ToYourFace2.vcxproj", "{AA28BC5D-71AF-4E84-889A-E8D3B08E4E10}"
EndProject
Global
	GlobalSection(SolutionConfigurationPlatforms) = preSolution
		Debug|x64 = Debug|x64
		Debug|x86 = Debug|x86
		Release|x64 = Release|x64
		Release|x86 = Release|x86
	EndGlobalSection
	GlobalSection(ProjectConfigurationPlatforms) = postSolution
		{AA28BC5D-71AF-4E84-889A-E8D3B08E4E10}.Debug|x64.ActiveCfg = Debug|x64
		{AA28BC5D-71AF-4E84-889A-E8D3B08E4E10}.Debug|x64.Build.0 = Debug|x64
		{AA28BC5D-71AF-4E84-889A-E8D3B08E4E10}.Debug|x86.ActiveCfg = Debug|Win32
		{AA28BC5D-71AF-4E84-889A-E8D3B08E4E10}.Debug|x86.Build.0 = Debug|Win32
		{AA28BC5D-71AF-4E84-889A-E8D3B08E4E10}.Release|x64.ActiveCfg = Release|x64
		{AA28BC5D-71AF-4E84-889A-E8D3B08E4E10}.Release|x64.Build.0 = Release|x64
		{AA28BC5D-71AF-4E84-889A-E8D3B08E4E10}.Release|x86.ActiveCfg = Release|Win32
		{AA28BC5D-71AF-4E84-889A-E8D3B08E4E10}.Release|x86.Build.0 = Release|Win32
	EndGlobalSection
	GlobalSection(SolutionProperties) = preSolution
		HideSolutionNode = FALSE
	EndGlobalSection
	GlobalSection(ExtensibilityGlobals) = postSolution
		SolutionGuid = {DD8F614C-D7E6-4BB4-850E-4B7D631F961D}
	EndGlobalSection
EndGlobal
